
Microsoft Visual Studio Solution File, Format Version 12.00
# Visual Studio Version 17
VisualStudioVersion = 17.3.32825.248
MinimumVisualStudioVersion = 10.0.40219.1
Project("{FAE04EC0-301F-11D3-BF4B-00C04F79EFBC}") = "Spg.Vinothek.Domain", "src\Spg.Vinothek.Domain\Spg.Vinothek.Domain.csproj", "{0D1E0AAB-C73D-42E1-8B57-0D18CFF705D3}"
EndProject
Global
	GlobalSection(SolutionConfigurationPlatforms) = preSolution
		Debug|Any CPU = Debug|Any CPU
		Release|Any CPU = Release|Any CPU
	EndGlobalSection
	GlobalSection(ProjectConfigurationPlatforms) = postSolution
		{0D1E0AAB-C73D-42E1-8B57-0D18CFF705D3}.Debug|Any CPU.ActiveCfg = Debug|Any CPU
		{0D1E0AAB-C73D-42E1-8B57-0D18CFF705D3}.Debug|Any CPU.Build.0 = Debug|Any CPU
		{0D1E0AAB-C73D-42E1-8B57-0D18CFF705D3}.Release|Any CPU.ActiveCfg = Release|Any CPU
		{0D1E0AAB-C73D-42E1-8B57-0D18CFF705D3}.Release|Any CPU.Build.0 = Release|Any CPU
	EndGlobalSection
	GlobalSection(SolutionProperties) = preSolution
		HideSolutionNode = FALSE
	EndGlobalSection
	GlobalSection(ExtensibilityGlobals) = postSolution
		SolutionGuid = {E110563C-1F03-4A33-8B26-95F3DC6E830F}
	EndGlobalSection
EndGlobal
