
Microsoft Visual Studio Solution File, Format Version 12.00
# Visual Studio Version 17
VisualStudioVersion = 17.3.32825.248
MinimumVisualStudioVersion = 10.0.40219.1
Project("{FAE04EC0-301F-11D3-BF4B-00C04F79EFBC}") = "ExProperties", "ExProperties\ExProperties.csproj", "{94277949-1A83-4A1E-A24A-C5D9ECACAA52}"
EndProject
Global
	GlobalSection(SolutionConfigurationPlatforms) = preSolution
		Debug|Any CPU = Debug|Any CPU
		Release|Any CPU = Release|Any CPU
	EndGlobalSection
	GlobalSection(ProjectConfigurationPlatforms) = postSolution
		{94277949-1A83-4A1E-A24A-C5D9ECACAA52}.Debug|Any CPU.ActiveCfg = Debug|Any CPU
		{94277949-1A83-4A1E-A24A-C5D9ECACAA52}.Debug|Any CPU.Build.0 = Debug|Any CPU
		{94277949-1A83-4A1E-A24A-C5D9ECACAA52}.Release|Any CPU.ActiveCfg = Release|Any CPU
		{94277949-1A83-4A1E-A24A-C5D9ECACAA52}.Release|Any CPU.Build.0 = Release|Any CPU
	EndGlobalSection
	GlobalSection(SolutionProperties) = preSolution
		HideSolutionNode = FALSE
	EndGlobalSection
	GlobalSection(ExtensibilityGlobals) = postSolution
		SolutionGuid = {2DAD0485-A35C-4D7C-B24F-C47F7C6B30FB}
	EndGlobalSection
EndGlobal
